
Microsoft Visual Studio Solution File, Format Version 12.00
# Visual Studio Version 17
VisualStudioVersion = 17.0.31606.5
MinimumVisualStudioVersion = 10.0.40219.1
Project("{FAE04EC0-301F-11D3-BF4B-00C04F79EFBC}") = "Wopi", "Wopi\Wopi.csproj", "{19824B2D-87ED-41C5-BDF4-7252B772B202}"
EndProject
Global
	GlobalSection(SolutionConfigurationPlatforms) = preSolution
		Debug|Any CPU = Debug|Any CPU
		Release|Any CPU = Release|Any CPU
	EndGlobalSection
	GlobalSection(ProjectConfigurationPlatforms) = postSolution
		{19824B2D-87ED-41C5-BDF4-7252B772B202}.Debug|Any CPU.ActiveCfg = Debug|Any CPU
		{19824B2D-87ED-41C5-BDF4-7252B772B202}.Debug|Any CPU.Build.0 = Debug|Any CPU
		{19824B2D-87ED-41C5-BDF4-7252B772B202}.Release|Any CPU.ActiveCfg = Release|Any CPU
		{19824B2D-87ED-41C5-BDF4-7252B772B202}.Release|Any CPU.Build.0 = Release|Any CPU
	EndGlobalSection
	GlobalSection(SolutionProperties) = preSolution
		HideSolutionNode = FALSE
	EndGlobalSection
	GlobalSection(ExtensibilityGlobals) = postSolution
		SolutionGuid = {E23EDD07-EC6B-401A-BE27-44ABDE5DF3AF}
	EndGlobalSection
EndGlobal
